// !$*UTF8*$!
{
	archiveVersion = 1;
	classes = {
	};
	objectVersion = 56;
	objects = {

/* Begin PBXBuildFile section */
		9C0CCBF92C2741620012F37A /* HomeUseCase.swift in Sources */ = {isa = PBXBuildFile; fileRef = 9C0CCBF82C2741620012F37A /* HomeUseCase.swift */; };
		9C1FD3C32B445F2E00D8C6FD /* ChatsView.swift in Sources */ = {isa = PBXBuildFile; fileRef = 9C1FD3C22B445F2E00D8C6FD /* ChatsView.swift */; };
		9C1FD3C72B4466D300D8C6FD /* ChatsUseCase.swift in Sources */ = {isa = PBXBuildFile; fileRef = 9C1FD3C62B4466D300D8C6FD /* ChatsUseCase.swift */; };
		9C1FD3C92B4467A000D8C6FD /* OpenAIClient.swift in Sources */ = {isa = PBXBuildFile; fileRef = 9C1FD3C82B4467A000D8C6FD /* OpenAIClient.swift */; };
		9C1FD3CB2B4484D200D8C6FD /* Date+Extensions.swift in Sources */ = {isa = PBXBuildFile; fileRef = 9C1FD3CA2B4484D200D8C6FD /* Date+Extensions.swift */; };
		9C1FD3CD2B44930100D8C6FD /* CGFloat+Extensions.swift in Sources */ = {isa = PBXBuildFile; fileRef = 9C1FD3CC2B44930100D8C6FD /* CGFloat+Extensions.swift */; };
		9C2E3CA32BB992A50099A6E0 /* PreferenceKeys.swift in Sources */ = {isa = PBXBuildFile; fileRef = 9C2E3CA22BB992A50099A6E0 /* PreferenceKeys.swift */; };
		9C3336022BD1537C00BC94D0 /* ProfilePresenter.swift in Sources */ = {isa = PBXBuildFile; fileRef = 9C3336012BD1537C00BC94D0 /* ProfilePresenter.swift */; };
		9C3336042BD15F2D00BC94D0 /* EnergyExpenditureService.swift in Sources */ = {isa = PBXBuildFile; fileRef = 9C3336032BD15F2D00BC94D0 /* EnergyExpenditureService.swift */; };
		9C34C4062BE6BDA900BA16F8 /* TextCell.swift in Sources */ = {isa = PBXBuildFile; fileRef = 9C34C4052BE6BDA900BA16F8 /* TextCell.swift */; };
		9C34C40C2BE7CCBD00BA16F8 /* SwiftOpenAI in Frameworks */ = {isa = PBXBuildFile; productRef = 9C34C40B2BE7CCBD00BA16F8 /* SwiftOpenAI */; };
		9C34C40E2BE7E4D800BA16F8 /* ChatsModels.swift in Sources */ = {isa = PBXBuildFile; fileRef = 9C34C40D2BE7E4D800BA16F8 /* ChatsModels.swift */; };
		9C396B112B388A8300FEBC0E /* Realm in Frameworks */ = {isa = PBXBuildFile; productRef = 9C396B102B388A8300FEBC0E /* Realm */; };
		9C396B132B388A8300FEBC0E /* RealmSwift in Frameworks */ = {isa = PBXBuildFile; productRef = 9C396B122B388A8300FEBC0E /* RealmSwift */; };
		9C48CF152BA707D700ABA072 /* SearchPresenter.swift in Sources */ = {isa = PBXBuildFile; fileRef = 9C48CF142BA707D700ABA072 /* SearchPresenter.swift */; };
		9C48CF172BA722FD00ABA072 /* HomePresenter.swift in Sources */ = {isa = PBXBuildFile; fileRef = 9C48CF162BA722FD00ABA072 /* HomePresenter.swift */; };
		9C48CF1A2BA723B400ABA072 /* Dependencies in Frameworks */ = {isa = PBXBuildFile; productRef = 9C48CF192BA723B400ABA072 /* Dependencies */; };
		9C48CF1C2BA723B400ABA072 /* DependenciesMacros in Frameworks */ = {isa = PBXBuildFile; productRef = 9C48CF1B2BA723B400ABA072 /* DependenciesMacros */; };
		9C6015782B24874A005A62C7 /* HomeView.swift in Sources */ = {isa = PBXBuildFile; fileRef = 9C6015772B24874A005A62C7 /* HomeView.swift */; };
		9C60157B2B249886005A62C7 /* SearchView.swift in Sources */ = {isa = PBXBuildFile; fileRef = 9C60157A2B249886005A62C7 /* SearchView.swift */; };
		9C6015802B249BD9005A62C7 /* NutritionClient.swift in Sources */ = {isa = PBXBuildFile; fileRef = 9C60157F2B249BD9005A62C7 /* NutritionClient.swift */; };
		9C7154202BF9F65B0057B0F7 /* Float+Extensions.swift in Sources */ = {isa = PBXBuildFile; fileRef = 9C71541F2BF9F65B0057B0F7 /* Float+Extensions.swift */; };
		9C8458252BCC3C06005EE698 /* ProfileView.swift in Sources */ = {isa = PBXBuildFile; fileRef = 9C8458242BCC3C06005EE698 /* ProfileView.swift */; };
		9C93F96D2B3B048E0033E0BC /* Colors.swift in Sources */ = {isa = PBXBuildFile; fileRef = 9C93F96C2B3B048E0033E0BC /* Colors.swift */; };
		9C93F96F2B3B05D70033E0BC /* View+Extensions.swift in Sources */ = {isa = PBXBuildFile; fileRef = 9C93F96E2B3B05D70033E0BC /* View+Extensions.swift */; };
		9C9786182BAECB9E0013C15F /* Secrets.plist in Resources */ = {isa = PBXBuildFile; fileRef = 9C9786172BAECB9D0013C15F /* Secrets.plist */; };
		9C97861A2BAECD020013C15F /* SecretsClient.swift in Sources */ = {isa = PBXBuildFile; fileRef = 9C9786192BAECD020013C15F /* SecretsClient.swift */; };
		9C9B56812AFA7F9000A4B2BC /* NutritionApp.swift in Sources */ = {isa = PBXBuildFile; fileRef = 9C9B56802AFA7F9000A4B2BC /* NutritionApp.swift */; };
		9C9B56852AFA7F9200A4B2BC /* Assets.xcassets in Resources */ = {isa = PBXBuildFile; fileRef = 9C9B56842AFA7F9200A4B2BC /* Assets.xcassets */; };
		9C9B56882AFA7F9200A4B2BC /* Preview Assets.xcassets in Resources */ = {isa = PBXBuildFile; fileRef = 9C9B56872AFA7F9200A4B2BC /* Preview Assets.xcassets */; };
		9CA3E76E2C047AF400F38B16 /* HomeModels.swift in Sources */ = {isa = PBXBuildFile; fileRef = 9CA3E76D2C047AF400F38B16 /* HomeModels.swift */; };
		9CA3E7702C04C47F00F38B16 /* MealGraphView.swift in Sources */ = {isa = PBXBuildFile; fileRef = 9CA3E76F2C04C47F00F38B16 /* MealGraphView.swift */; };
		9CA3E7722C04C57600F38B16 /* MealGraphNutrientCell.swift in Sources */ = {isa = PBXBuildFile; fileRef = 9CA3E7712C04C57600F38B16 /* MealGraphNutrientCell.swift */; };
		9CA3E7772C06367700F38B16 /* RoundedCorner.swift in Sources */ = {isa = PBXBuildFile; fileRef = 9CA3E7762C06367700F38B16 /* RoundedCorner.swift */; };
		9CA3E77B2C089CE600F38B16 /* HealthKitService.swift in Sources */ = {isa = PBXBuildFile; fileRef = 9CA3E77A2C089CE600F38B16 /* HealthKitService.swift */; };
		9CA3E77F2C08B08000F38B16 /* HealthKitUseCase.swift in Sources */ = {isa = PBXBuildFile; fileRef = 9CA3E77E2C08B08000F38B16 /* HealthKitUseCase.swift */; };
		9CA3E7812C08B11800F38B16 /* HealthKitUserData.swift in Sources */ = {isa = PBXBuildFile; fileRef = 9CA3E7802C08B11800F38B16 /* HealthKitUserData.swift */; };
		9CA3E7832C08B27400F38B16 /* Int+Extensions.swift in Sources */ = {isa = PBXBuildFile; fileRef = 9CA3E7822C08B27300F38B16 /* Int+Extensions.swift */; };
		9CA3E7852C08B34500F38B16 /* ProfileModels.swift in Sources */ = {isa = PBXBuildFile; fileRef = 9CA3E7842C08B34500F38B16 /* ProfileModels.swift */; };
		9CA3E7872C0B670900F38B16 /* MultipleCircleView.swift in Sources */ = {isa = PBXBuildFile; fileRef = 9CA3E7862C0B670900F38B16 /* MultipleCircleView.swift */; };
		9CA3E7892C0B675300F38B16 /* MealInformationView.swift in Sources */ = {isa = PBXBuildFile; fileRef = 9CA3E7882C0B675300F38B16 /* MealInformationView.swift */; };
		9CA3E78B2C0B676B00F38B16 /* NutritionInformationView.swift in Sources */ = {isa = PBXBuildFile; fileRef = 9CA3E78A2C0B676B00F38B16 /* NutritionInformationView.swift */; };
		9CA3E78D2C0B6A8300F38B16 /* Strings.swift in Sources */ = {isa = PBXBuildFile; fileRef = 9CA3E78C2C0B6A8300F38B16 /* Strings.swift */; };
		9CB5EE982BD3E4F600059A24 /* Models.swift in Sources */ = {isa = PBXBuildFile; fileRef = 9CB5EE972BD3E4F600059A24 /* Models.swift */; };
		9CBB0A852B2DC8E50064EFCC /* SearchUseCase.swift in Sources */ = {isa = PBXBuildFile; fileRef = 9CBB0A842B2DC8E50064EFCC /* SearchUseCase.swift */; };
		9CBB0A872B2DC9AD0064EFCC /* BaseClient.swift in Sources */ = {isa = PBXBuildFile; fileRef = 9CBB0A862B2DC9AD0064EFCC /* BaseClient.swift */; };
		9CBB0A892B2DD2FF0064EFCC /* SearchModels.swift in Sources */ = {isa = PBXBuildFile; fileRef = 9CBB0A882B2DD2FF0064EFCC /* SearchModels.swift */; };
		9CBB0A8B2B2DF9500064EFCC /* StorageUseCase.swift in Sources */ = {isa = PBXBuildFile; fileRef = 9CBB0A8A2B2DF9500064EFCC /* StorageUseCase.swift */; };
		9CBB0A952B2DFC240064EFCC /* StorageService.swift in Sources */ = {isa = PBXBuildFile; fileRef = 9CBB0A942B2DFC240064EFCC /* StorageService.swift */; };
		9CBB0A972B2DFCB50064EFCC /* StorageModels.swift in Sources */ = {isa = PBXBuildFile; fileRef = 9CBB0A962B2DFCB50064EFCC /* StorageModels.swift */; };
		9CC04D832C25D29800F02447 /* ActionButton.swift in Sources */ = {isa = PBXBuildFile; fileRef = 9CC04D822C25D29800F02447 /* ActionButton.swift */; };
		9CC04D882C25E5B000F02447 /* Icons.swift in Sources */ = {isa = PBXBuildFile; fileRef = 9CC04D872C25E5B000F02447 /* Icons.swift */; };
		9CC04D8A2C25EFD500F02447 /* HistoryView.swift in Sources */ = {isa = PBXBuildFile; fileRef = 9CC04D892C25EFD500F02447 /* HistoryView.swift */; };
		9CD90C9E2BFCF1D300BF244B /* CircularProgressView.swift in Sources */ = {isa = PBXBuildFile; fileRef = 9CD90C9D2BFCF1D300BF244B /* CircularProgressView.swift */; };
		9CD90CA02BFCF1F100BF244B /* MealCell.swift in Sources */ = {isa = PBXBuildFile; fileRef = 9CD90C9F2BFCF1F100BF244B /* MealCell.swift */; };
		9CD90CA22BFCFB1400BF244B /* CalorieRatioCell.swift in Sources */ = {isa = PBXBuildFile; fileRef = 9CD90CA12BFCFB1400BF244B /* CalorieRatioCell.swift */; };
		9CD90CA42BFD205100BF244B /* Text+Extensions.swift in Sources */ = {isa = PBXBuildFile; fileRef = 9CD90CA32BFD205100BF244B /* Text+Extensions.swift */; };
		9CEA12A02BE40B7700178EA1 /* ChatsPresenter.swift in Sources */ = {isa = PBXBuildFile; fileRef = 9CEA129F2BE40B7700178EA1 /* ChatsPresenter.swift */; };
		9CEA12A32BE415B800178EA1 /* CustomTextField.swift in Sources */ = {isa = PBXBuildFile; fileRef = 9CEA12A22BE415B800178EA1 /* CustomTextField.swift */; };
/* End PBXBuildFile section */

/* Begin PBXFileReference section */
		9C0CCBF82C2741620012F37A /* HomeUseCase.swift */ = {isa = PBXFileReference; lastKnownFileType = sourcecode.swift; path = HomeUseCase.swift; sourceTree = "<group>"; };
		9C1FD3C22B445F2E00D8C6FD /* ChatsView.swift */ = {isa = PBXFileReference; lastKnownFileType = sourcecode.swift; path = ChatsView.swift; sourceTree = "<group>"; };
		9C1FD3C62B4466D300D8C6FD /* ChatsUseCase.swift */ = {isa = PBXFileReference; lastKnownFileType = sourcecode.swift; path = ChatsUseCase.swift; sourceTree = "<group>"; };
		9C1FD3C82B4467A000D8C6FD /* OpenAIClient.swift */ = {isa = PBXFileReference; lastKnownFileType = sourcecode.swift; path = OpenAIClient.swift; sourceTree = "<group>"; };
		9C1FD3CA2B4484D200D8C6FD /* Date+Extensions.swift */ = {isa = PBXFileReference; lastKnownFileType = sourcecode.swift; path = "Date+Extensions.swift"; sourceTree = "<group>"; };
		9C1FD3CC2B44930100D8C6FD /* CGFloat+Extensions.swift */ = {isa = PBXFileReference; lastKnownFileType = sourcecode.swift; path = "CGFloat+Extensions.swift"; sourceTree = "<group>"; };
		9C2E3CA22BB992A50099A6E0 /* PreferenceKeys.swift */ = {isa = PBXFileReference; lastKnownFileType = sourcecode.swift; path = PreferenceKeys.swift; sourceTree = "<group>"; };
		9C3336012BD1537C00BC94D0 /* ProfilePresenter.swift */ = {isa = PBXFileReference; lastKnownFileType = sourcecode.swift; path = ProfilePresenter.swift; sourceTree = "<group>"; };
		9C3336032BD15F2D00BC94D0 /* EnergyExpenditureService.swift */ = {isa = PBXFileReference; lastKnownFileType = sourcecode.swift; path = EnergyExpenditureService.swift; sourceTree = "<group>"; };
		9C34C4052BE6BDA900BA16F8 /* TextCell.swift */ = {isa = PBXFileReference; lastKnownFileType = sourcecode.swift; path = TextCell.swift; sourceTree = "<group>"; };
		9C34C40D2BE7E4D800BA16F8 /* ChatsModels.swift */ = {isa = PBXFileReference; lastKnownFileType = sourcecode.swift; path = ChatsModels.swift; sourceTree = "<group>"; };
		9C48CF142BA707D700ABA072 /* SearchPresenter.swift */ = {isa = PBXFileReference; lastKnownFileType = sourcecode.swift; path = SearchPresenter.swift; sourceTree = "<group>"; };
		9C48CF162BA722FD00ABA072 /* HomePresenter.swift */ = {isa = PBXFileReference; lastKnownFileType = sourcecode.swift; path = HomePresenter.swift; sourceTree = "<group>"; };
		9C6015772B24874A005A62C7 /* HomeView.swift */ = {isa = PBXFileReference; lastKnownFileType = sourcecode.swift; path = HomeView.swift; sourceTree = "<group>"; };
		9C60157A2B249886005A62C7 /* SearchView.swift */ = {isa = PBXFileReference; lastKnownFileType = sourcecode.swift; path = SearchView.swift; sourceTree = "<group>"; };
		9C60157F2B249BD9005A62C7 /* NutritionClient.swift */ = {isa = PBXFileReference; lastKnownFileType = sourcecode.swift; path = NutritionClient.swift; sourceTree = "<group>"; };
		9C71541F2BF9F65B0057B0F7 /* Float+Extensions.swift */ = {isa = PBXFileReference; lastKnownFileType = sourcecode.swift; path = "Float+Extensions.swift"; sourceTree = "<group>"; };
		9C8458242BCC3C06005EE698 /* ProfileView.swift */ = {isa = PBXFileReference; lastKnownFileType = sourcecode.swift; path = ProfileView.swift; sourceTree = "<group>"; };
		9C93F96C2B3B048E0033E0BC /* Colors.swift */ = {isa = PBXFileReference; lastKnownFileType = sourcecode.swift; path = Colors.swift; sourceTree = "<group>"; };
		9C93F96E2B3B05D70033E0BC /* View+Extensions.swift */ = {isa = PBXFileReference; lastKnownFileType = sourcecode.swift; path = "View+Extensions.swift"; sourceTree = "<group>"; };
		9C9786172BAECB9D0013C15F /* Secrets.plist */ = {isa = PBXFileReference; lastKnownFileType = text.plist.xml; path = Secrets.plist; sourceTree = "<group>"; };
		9C9786192BAECD020013C15F /* SecretsClient.swift */ = {isa = PBXFileReference; lastKnownFileType = sourcecode.swift; path = SecretsClient.swift; sourceTree = "<group>"; };
		9C9B567D2AFA7F9000A4B2BC /* NutritionApp.app */ = {isa = PBXFileReference; explicitFileType = wrapper.application; includeInIndex = 0; path = NutritionApp.app; sourceTree = BUILT_PRODUCTS_DIR; };
		9C9B56802AFA7F9000A4B2BC /* NutritionApp.swift */ = {isa = PBXFileReference; lastKnownFileType = sourcecode.swift; path = NutritionApp.swift; sourceTree = "<group>"; };
		9C9B56842AFA7F9200A4B2BC /* Assets.xcassets */ = {isa = PBXFileReference; lastKnownFileType = folder.assetcatalog; path = Assets.xcassets; sourceTree = "<group>"; };
		9C9B56872AFA7F9200A4B2BC /* Preview Assets.xcassets */ = {isa = PBXFileReference; lastKnownFileType = folder.assetcatalog; path = "Preview Assets.xcassets"; sourceTree = "<group>"; };
		9CA3E76D2C047AF400F38B16 /* HomeModels.swift */ = {isa = PBXFileReference; lastKnownFileType = sourcecode.swift; path = HomeModels.swift; sourceTree = "<group>"; };
		9CA3E76F2C04C47F00F38B16 /* MealGraphView.swift */ = {isa = PBXFileReference; lastKnownFileType = sourcecode.swift; path = MealGraphView.swift; sourceTree = "<group>"; };
		9CA3E7712C04C57600F38B16 /* MealGraphNutrientCell.swift */ = {isa = PBXFileReference; lastKnownFileType = sourcecode.swift; path = MealGraphNutrientCell.swift; sourceTree = "<group>"; };
		9CA3E7762C06367700F38B16 /* RoundedCorner.swift */ = {isa = PBXFileReference; lastKnownFileType = sourcecode.swift; path = RoundedCorner.swift; sourceTree = "<group>"; };
		9CA3E7782C08841200F38B16 /* NutritionApp.entitlements */ = {isa = PBXFileReference; lastKnownFileType = text.plist.entitlements; path = NutritionApp.entitlements; sourceTree = "<group>"; };
		9CA3E77A2C089CE600F38B16 /* HealthKitService.swift */ = {isa = PBXFileReference; lastKnownFileType = sourcecode.swift; path = HealthKitService.swift; sourceTree = "<group>"; };
		9CA3E77E2C08B08000F38B16 /* HealthKitUseCase.swift */ = {isa = PBXFileReference; lastKnownFileType = sourcecode.swift; path = HealthKitUseCase.swift; sourceTree = "<group>"; };
		9CA3E7802C08B11800F38B16 /* HealthKitUserData.swift */ = {isa = PBXFileReference; lastKnownFileType = sourcecode.swift; path = HealthKitUserData.swift; sourceTree = "<group>"; };
		9CA3E7822C08B27300F38B16 /* Int+Extensions.swift */ = {isa = PBXFileReference; lastKnownFileType = sourcecode.swift; path = "Int+Extensions.swift"; sourceTree = "<group>"; };
		9CA3E7842C08B34500F38B16 /* ProfileModels.swift */ = {isa = PBXFileReference; lastKnownFileType = sourcecode.swift; path = ProfileModels.swift; sourceTree = "<group>"; };
		9CA3E7862C0B670900F38B16 /* MultipleCircleView.swift */ = {isa = PBXFileReference; lastKnownFileType = sourcecode.swift; path = MultipleCircleView.swift; sourceTree = "<group>"; };
		9CA3E7882C0B675300F38B16 /* MealInformationView.swift */ = {isa = PBXFileReference; lastKnownFileType = sourcecode.swift; path = MealInformationView.swift; sourceTree = "<group>"; };
		9CA3E78A2C0B676B00F38B16 /* NutritionInformationView.swift */ = {isa = PBXFileReference; lastKnownFileType = sourcecode.swift; path = NutritionInformationView.swift; sourceTree = "<group>"; };
		9CA3E78C2C0B6A8300F38B16 /* Strings.swift */ = {isa = PBXFileReference; lastKnownFileType = sourcecode.swift; path = Strings.swift; sourceTree = "<group>"; };
		9CB5EE972BD3E4F600059A24 /* Models.swift */ = {isa = PBXFileReference; lastKnownFileType = sourcecode.swift; path = Models.swift; sourceTree = "<group>"; };
		9CBB0A842B2DC8E50064EFCC /* SearchUseCase.swift */ = {isa = PBXFileReference; lastKnownFileType = sourcecode.swift; path = SearchUseCase.swift; sourceTree = "<group>"; };
		9CBB0A862B2DC9AD0064EFCC /* BaseClient.swift */ = {isa = PBXFileReference; lastKnownFileType = sourcecode.swift; path = BaseClient.swift; sourceTree = "<group>"; };
		9CBB0A882B2DD2FF0064EFCC /* SearchModels.swift */ = {isa = PBXFileReference; lastKnownFileType = sourcecode.swift; path = SearchModels.swift; sourceTree = "<group>"; };
		9CBB0A8A2B2DF9500064EFCC /* StorageUseCase.swift */ = {isa = PBXFileReference; lastKnownFileType = sourcecode.swift; path = StorageUseCase.swift; sourceTree = "<group>"; };
		9CBB0A942B2DFC240064EFCC /* StorageService.swift */ = {isa = PBXFileReference; lastKnownFileType = sourcecode.swift; path = StorageService.swift; sourceTree = "<group>"; };
		9CBB0A962B2DFCB50064EFCC /* StorageModels.swift */ = {isa = PBXFileReference; lastKnownFileType = sourcecode.swift; path = StorageModels.swift; sourceTree = "<group>"; };
		9CC04D822C25D29800F02447 /* ActionButton.swift */ = {isa = PBXFileReference; lastKnownFileType = sourcecode.swift; path = ActionButton.swift; sourceTree = "<group>"; };
		9CC04D872C25E5B000F02447 /* Icons.swift */ = {isa = PBXFileReference; lastKnownFileType = sourcecode.swift; path = Icons.swift; sourceTree = "<group>"; };
		9CC04D892C25EFD500F02447 /* HistoryView.swift */ = {isa = PBXFileReference; lastKnownFileType = sourcecode.swift; path = HistoryView.swift; sourceTree = "<group>"; };
		9CD90C9D2BFCF1D300BF244B /* CircularProgressView.swift */ = {isa = PBXFileReference; lastKnownFileType = sourcecode.swift; path = CircularProgressView.swift; sourceTree = "<group>"; };
		9CD90C9F2BFCF1F100BF244B /* MealCell.swift */ = {isa = PBXFileReference; lastKnownFileType = sourcecode.swift; path = MealCell.swift; sourceTree = "<group>"; };
		9CD90CA12BFCFB1400BF244B /* CalorieRatioCell.swift */ = {isa = PBXFileReference; lastKnownFileType = sourcecode.swift; path = CalorieRatioCell.swift; sourceTree = "<group>"; };
		9CD90CA32BFD205100BF244B /* Text+Extensions.swift */ = {isa = PBXFileReference; lastKnownFileType = sourcecode.swift; path = "Text+Extensions.swift"; sourceTree = "<group>"; };
		9CEA129F2BE40B7700178EA1 /* ChatsPresenter.swift */ = {isa = PBXFileReference; lastKnownFileType = sourcecode.swift; path = ChatsPresenter.swift; sourceTree = "<group>"; };
		9CEA12A22BE415B800178EA1 /* CustomTextField.swift */ = {isa = PBXFileReference; lastKnownFileType = sourcecode.swift; path = CustomTextField.swift; sourceTree = "<group>"; };
/* End PBXFileReference section */

/* Begin PBXFrameworksBuildPhase section */
		9C9B567A2AFA7F9000A4B2BC /* Frameworks */ = {
			isa = PBXFrameworksBuildPhase;
			buildActionMask = 2147483647;
			files = (
				9C48CF1A2BA723B400ABA072 /* Dependencies in Frameworks */,
				9C34C40C2BE7CCBD00BA16F8 /* SwiftOpenAI in Frameworks */,
				9C396B132B388A8300FEBC0E /* RealmSwift in Frameworks */,
				9C48CF1C2BA723B400ABA072 /* DependenciesMacros in Frameworks */,
				9C396B112B388A8300FEBC0E /* Realm in Frameworks */,
			);
			runOnlyForDeploymentPostprocessing = 0;
		};
/* End PBXFrameworksBuildPhase section */

/* Begin PBXGroup section */
		9C1FD3C12B445F1300D8C6FD /* Chats */ = {
			isa = PBXGroup;
			children = (
				9C1FD3C22B445F2E00D8C6FD /* ChatsView.swift */,
				9CEA129F2BE40B7700178EA1 /* ChatsPresenter.swift */,
				9C34C4052BE6BDA900BA16F8 /* TextCell.swift */,
				9C34C40D2BE7E4D800BA16F8 /* ChatsModels.swift */,
				9CC04D892C25EFD500F02447 /* HistoryView.swift */,
			);
			path = Chats;
			sourceTree = "<group>";
		};
		9C60156D2B24868E005A62C7 /* Home */ = {
			isa = PBXGroup;
			children = (
				9C6015772B24874A005A62C7 /* HomeView.swift */,
				9C48CF162BA722FD00ABA072 /* HomePresenter.swift */,
				9CD90C9F2BFCF1F100BF244B /* MealCell.swift */,
				9CD90CA12BFCFB1400BF244B /* CalorieRatioCell.swift */,
				9CA3E76D2C047AF400F38B16 /* HomeModels.swift */,
			);
			path = Home;
			sourceTree = "<group>";
		};
		9C6015792B249877005A62C7 /* Search */ = {
			isa = PBXGroup;
			children = (
				9C60157A2B249886005A62C7 /* SearchView.swift */,
				9C48CF142BA707D700ABA072 /* SearchPresenter.swift */,
				9CA3E78A2C0B676B00F38B16 /* NutritionInformationView.swift */,
				9CA3E7882C0B675300F38B16 /* MealInformationView.swift */,
				9CA3E76F2C04C47F00F38B16 /* MealGraphView.swift */,
				9CA3E7712C04C57600F38B16 /* MealGraphNutrientCell.swift */,
				9CA3E7862C0B670900F38B16 /* MultipleCircleView.swift */,
			);
			path = Search;
			sourceTree = "<group>";
		};
		9C60157E2B249BC7005A62C7 /* Clients */ = {
			isa = PBXGroup;
			children = (
				9C60157F2B249BD9005A62C7 /* NutritionClient.swift */,
				9CBB0A862B2DC9AD0064EFCC /* BaseClient.swift */,
				9C1FD3C82B4467A000D8C6FD /* OpenAIClient.swift */,
				9C9786192BAECD020013C15F /* SecretsClient.swift */,
			);
			path = Clients;
			sourceTree = "<group>";
		};
		9C8458232BCC3B96005EE698 /* Profile */ = {
			isa = PBXGroup;
			children = (
				9C8458242BCC3C06005EE698 /* ProfileView.swift */,
				9C3336012BD1537C00BC94D0 /* ProfilePresenter.swift */,
				9CA3E7842C08B34500F38B16 /* ProfileModels.swift */,
			);
			path = Profile;
			sourceTree = "<group>";
		};
		9C93F96B2B3B04850033E0BC /* Shared */ = {
			isa = PBXGroup;
			children = (
				9CC04D862C25E59B00F02447 /* Extensions */,
				9CA3E7752C06366C00F38B16 /* Shapes */,
				9CEA12A12BE415A900178EA1 /* Views */,
				9C93F96C2B3B048E0033E0BC /* Colors.swift */,
				9C2E3CA22BB992A50099A6E0 /* PreferenceKeys.swift */,
				9CB5EE972BD3E4F600059A24 /* Models.swift */,
				9CA3E78C2C0B6A8300F38B16 /* Strings.swift */,
				9CC04D872C25E5B000F02447 /* Icons.swift */,
			);
			path = Shared;
			sourceTree = "<group>";
		};
		9C9B56742AFA7F9000A4B2BC = {
			isa = PBXGroup;
			children = (
				9C9786172BAECB9D0013C15F /* Secrets.plist */,
				9C9B567F2AFA7F9000A4B2BC /* NutritionApp */,
				9C9B567E2AFA7F9000A4B2BC /* Products */,
			);
			sourceTree = "<group>";
		};
		9C9B567E2AFA7F9000A4B2BC /* Products */ = {
			isa = PBXGroup;
			children = (
				9C9B567D2AFA7F9000A4B2BC /* NutritionApp.app */,
			);
			name = Products;
			sourceTree = "<group>";
		};
		9C9B567F2AFA7F9000A4B2BC /* NutritionApp */ = {
			isa = PBXGroup;
			children = (
				9C9B56802AFA7F9000A4B2BC /* NutritionApp.swift */,
				9CA3E7782C08841200F38B16 /* NutritionApp.entitlements */,
				9CA3E7792C089CD000F38B16 /* HealthKit */,
				9C8458232BCC3B96005EE698 /* Profile */,
				9C93F96B2B3B04850033E0BC /* Shared */,
				9CBB0A8C2B2DF9DB0064EFCC /* Storage */,
				9CBB0A832B2DC8D20064EFCC /* UseCases */,
				9C60157E2B249BC7005A62C7 /* Clients */,
				9C1FD3C12B445F1300D8C6FD /* Chats */,
				9C60156D2B24868E005A62C7 /* Home */,
				9C6015792B249877005A62C7 /* Search */,
				9C9B56842AFA7F9200A4B2BC /* Assets.xcassets */,
				9C9B56862AFA7F9200A4B2BC /* Preview Content */,
			);
			path = NutritionApp;
			sourceTree = "<group>";
		};
		9C9B56862AFA7F9200A4B2BC /* Preview Content */ = {
			isa = PBXGroup;
			children = (
				9C9B56872AFA7F9200A4B2BC /* Preview Assets.xcassets */,
			);
			path = "Preview Content";
			sourceTree = "<group>";
		};
		9CA3E7752C06366C00F38B16 /* Shapes */ = {
			isa = PBXGroup;
			children = (
				9CA3E7762C06367700F38B16 /* RoundedCorner.swift */,
			);
			path = Shapes;
			sourceTree = "<group>";
		};
		9CA3E7792C089CD000F38B16 /* HealthKit */ = {
			isa = PBXGroup;
			children = (
				9CA3E77A2C089CE600F38B16 /* HealthKitService.swift */,
				9CA3E77E2C08B08000F38B16 /* HealthKitUseCase.swift */,
				9CA3E7802C08B11800F38B16 /* HealthKitUserData.swift */,
			);
			path = HealthKit;
			sourceTree = "<group>";
		};
		9CBB0A832B2DC8D20064EFCC /* UseCases */ = {
			isa = PBXGroup;
			children = (
				9CBB0A842B2DC8E50064EFCC /* SearchUseCase.swift */,
				9CBB0A882B2DD2FF0064EFCC /* SearchModels.swift */,
				9CBB0A8A2B2DF9500064EFCC /* StorageUseCase.swift */,
				9C1FD3C62B4466D300D8C6FD /* ChatsUseCase.swift */,
				9C0CCBF82C2741620012F37A /* HomeUseCase.swift */,
			);
			path = UseCases;
			sourceTree = "<group>";
		};
		9CBB0A8C2B2DF9DB0064EFCC /* Storage */ = {
			isa = PBXGroup;
			children = (
				9CBB0A942B2DFC240064EFCC /* StorageService.swift */,
				9CBB0A962B2DFCB50064EFCC /* StorageModels.swift */,
				9C3336032BD15F2D00BC94D0 /* EnergyExpenditureService.swift */,
			);
			path = Storage;
			sourceTree = "<group>";
		};
		9CC04D862C25E59B00F02447 /* Extensions */ = {
			isa = PBXGroup;
			children = (
				9C93F96E2B3B05D70033E0BC /* View+Extensions.swift */,
				9CD90CA32BFD205100BF244B /* Text+Extensions.swift */,
				9C1FD3CA2B4484D200D8C6FD /* Date+Extensions.swift */,
				9C1FD3CC2B44930100D8C6FD /* CGFloat+Extensions.swift */,
			);
			path = Extensions;
			sourceTree = "<group>";
		};
		9CEA12A12BE415A900178EA1 /* Views */ = {
			isa = PBXGroup;
			children = (
				9CEA12A22BE415B800178EA1 /* CustomTextField.swift */,
				9C71541F2BF9F65B0057B0F7 /* Float+Extensions.swift */,
				9CA3E7822C08B27300F38B16 /* Int+Extensions.swift */,
				9CD90C9D2BFCF1D300BF244B /* CircularProgressView.swift */,
				9CC04D822C25D29800F02447 /* ActionButton.swift */,
			);
			path = Views;
			sourceTree = "<group>";
		};
/* End PBXGroup section */

/* Begin PBXNativeTarget section */
		9C9B567C2AFA7F9000A4B2BC /* NutritionApp */ = {
			isa = PBXNativeTarget;
			buildConfigurationList = 9C9B568B2AFA7F9200A4B2BC /* Build configuration list for PBXNativeTarget "NutritionApp" */;
			buildPhases = (
				9C9B56792AFA7F9000A4B2BC /* Sources */,
				9C9B567A2AFA7F9000A4B2BC /* Frameworks */,
				9C9B567B2AFA7F9000A4B2BC /* Resources */,
			);
			buildRules = (
			);
			dependencies = (
			);
			name = NutritionApp;
			packageProductDependencies = (
				9C396B102B388A8300FEBC0E /* Realm */,
				9C396B122B388A8300FEBC0E /* RealmSwift */,
				9C48CF192BA723B400ABA072 /* Dependencies */,
				9C48CF1B2BA723B400ABA072 /* DependenciesMacros */,
				9C34C40B2BE7CCBD00BA16F8 /* SwiftOpenAI */,
			);
			productName = NutririonApp;
			productReference = 9C9B567D2AFA7F9000A4B2BC /* NutritionApp.app */;
			productType = "com.apple.product-type.application";
		};
/* End PBXNativeTarget section */

/* Begin PBXProject section */
		9C9B56752AFA7F9000A4B2BC /* Project object */ = {
			isa = PBXProject;
			attributes = {
				BuildIndependentTargetsInParallel = 1;
				LastSwiftUpdateCheck = 1500;
				LastUpgradeCheck = 1500;
				TargetAttributes = {
					9C9B567C2AFA7F9000A4B2BC = {
						CreatedOnToolsVersion = 15.0;
					};
				};
			};
			buildConfigurationList = 9C9B56782AFA7F9000A4B2BC /* Build configuration list for PBXProject "NutritionApp" */;
			compatibilityVersion = "Xcode 14.0";
			developmentRegion = en;
			hasScannedForEncodings = 0;
			knownRegions = (
				en,
				Base,
			);
			mainGroup = 9C9B56742AFA7F9000A4B2BC;
			packageReferences = (
				9C396B0F2B388A8300FEBC0E /* XCRemoteSwiftPackageReference "realm-swift" */,
				9C48CF182BA723B400ABA072 /* XCRemoteSwiftPackageReference "swift-dependencies" */,
				9C34C40A2BE7CCBD00BA16F8 /* XCRemoteSwiftPackageReference "SwiftOpenAI" */,
			);
			productRefGroup = 9C9B567E2AFA7F9000A4B2BC /* Products */;
			projectDirPath = "";
			projectRoot = "";
			targets = (
				9C9B567C2AFA7F9000A4B2BC /* NutritionApp */,
			);
		};
/* End PBXProject section */

/* Begin PBXResourcesBuildPhase section */
		9C9B567B2AFA7F9000A4B2BC /* Resources */ = {
			isa = PBXResourcesBuildPhase;
			buildActionMask = 2147483647;
			files = (
				9C9B56882AFA7F9200A4B2BC /* Preview Assets.xcassets in Resources */,
				9C9786182BAECB9E0013C15F /* Secrets.plist in Resources */,
				9C9B56852AFA7F9200A4B2BC /* Assets.xcassets in Resources */,
			);
			runOnlyForDeploymentPostprocessing = 0;
		};
/* End PBXResourcesBuildPhase section */

/* Begin PBXSourcesBuildPhase section */
		9C9B56792AFA7F9000A4B2BC /* Sources */ = {
			isa = PBXSourcesBuildPhase;
			buildActionMask = 2147483647;
			files = (
				9C48CF152BA707D700ABA072 /* SearchPresenter.swift in Sources */,
				9C3336022BD1537C00BC94D0 /* ProfilePresenter.swift in Sources */,
				9CD90CA42BFD205100BF244B /* Text+Extensions.swift in Sources */,
				9C60157B2B249886005A62C7 /* SearchView.swift in Sources */,
				9C3336042BD15F2D00BC94D0 /* EnergyExpenditureService.swift in Sources */,
				9CBB0A872B2DC9AD0064EFCC /* BaseClient.swift in Sources */,
				9CA3E76E2C047AF400F38B16 /* HomeModels.swift in Sources */,
				9CC04D8A2C25EFD500F02447 /* HistoryView.swift in Sources */,
				9C48CF172BA722FD00ABA072 /* HomePresenter.swift in Sources */,
				9CA3E77B2C089CE600F38B16 /* HealthKitService.swift in Sources */,
				9CA3E78B2C0B676B00F38B16 /* NutritionInformationView.swift in Sources */,
				9C1FD3C92B4467A000D8C6FD /* OpenAIClient.swift in Sources */,
				9CA3E77F2C08B08000F38B16 /* HealthKitUseCase.swift in Sources */,
				9CA3E7852C08B34500F38B16 /* ProfileModels.swift in Sources */,
				9C93F96D2B3B048E0033E0BC /* Colors.swift in Sources */,
				9CD90CA02BFCF1F100BF244B /* MealCell.swift in Sources */,
				9C6015802B249BD9005A62C7 /* NutritionClient.swift in Sources */,
				9CBB0A892B2DD2FF0064EFCC /* SearchModels.swift in Sources */,
				9CD90CA22BFCFB1400BF244B /* CalorieRatioCell.swift in Sources */,
				9C7154202BF9F65B0057B0F7 /* Float+Extensions.swift in Sources */,
				9C34C4062BE6BDA900BA16F8 /* TextCell.swift in Sources */,
				9CBB0A972B2DFCB50064EFCC /* StorageModels.swift in Sources */,
				9C1FD3CB2B4484D200D8C6FD /* Date+Extensions.swift in Sources */,
				9C2E3CA32BB992A50099A6E0 /* PreferenceKeys.swift in Sources */,
				9CD90C9E2BFCF1D300BF244B /* CircularProgressView.swift in Sources */,
				9CA3E7892C0B675300F38B16 /* MealInformationView.swift in Sources */,
				9C93F96F2B3B05D70033E0BC /* View+Extensions.swift in Sources */,
				9C34C40E2BE7E4D800BA16F8 /* ChatsModels.swift in Sources */,
				9C0CCBF92C2741620012F37A /* HomeUseCase.swift in Sources */,
				9CEA12A32BE415B800178EA1 /* CustomTextField.swift in Sources */,
				9CBB0A8B2B2DF9500064EFCC /* StorageUseCase.swift in Sources */,
				9CA3E7812C08B11800F38B16 /* HealthKitUserData.swift in Sources */,
				9C1FD3C72B4466D300D8C6FD /* ChatsUseCase.swift in Sources */,
				9CEA12A02BE40B7700178EA1 /* ChatsPresenter.swift in Sources */,
				9CBB0A952B2DFC240064EFCC /* StorageService.swift in Sources */,
				9CA3E78D2C0B6A8300F38B16 /* Strings.swift in Sources */,
				9C97861A2BAECD020013C15F /* SecretsClient.swift in Sources */,
				9CC04D882C25E5B000F02447 /* Icons.swift in Sources */,
				9C1FD3C32B445F2E00D8C6FD /* ChatsView.swift in Sources */,
				9CA3E7772C06367700F38B16 /* RoundedCorner.swift in Sources */,
				9CA3E7722C04C57600F38B16 /* MealGraphNutrientCell.swift in Sources */,
				9C6015782B24874A005A62C7 /* HomeView.swift in Sources */,
				9CBB0A852B2DC8E50064EFCC /* SearchUseCase.swift in Sources */,
				9C9B56812AFA7F9000A4B2BC /* NutritionApp.swift in Sources */,
				9C8458252BCC3C06005EE698 /* ProfileView.swift in Sources */,
				9C1FD3CD2B44930100D8C6FD /* CGFloat+Extensions.swift in Sources */,
				9CA3E7872C0B670900F38B16 /* MultipleCircleView.swift in Sources */,
				9CA3E7702C04C47F00F38B16 /* MealGraphView.swift in Sources */,
				9CA3E7832C08B27400F38B16 /* Int+Extensions.swift in Sources */,
				9CB5EE982BD3E4F600059A24 /* Models.swift in Sources */,
				9CC04D832C25D29800F02447 /* ActionButton.swift in Sources */,
			);
			runOnlyForDeploymentPostprocessing = 0;
		};
/* End PBXSourcesBuildPhase section */

/* Begin XCBuildConfiguration section */
		9C9B56892AFA7F9200A4B2BC /* Debug */ = {
			isa = XCBuildConfiguration;
			buildSettings = {
				ALWAYS_SEARCH_USER_PATHS = NO;
				ASSETCATALOG_COMPILER_GENERATE_SWIFT_ASSET_SYMBOL_EXTENSIONS = YES;
				CLANG_ANALYZER_NONNULL = YES;
				CLANG_ANALYZER_NUMBER_OBJECT_CONVERSION = YES_AGGRESSIVE;
				CLANG_CXX_LANGUAGE_STANDARD = "gnu++20";
				CLANG_ENABLE_MODULES = YES;
				CLANG_ENABLE_OBJC_ARC = YES;
				CLANG_ENABLE_OBJC_WEAK = YES;
				CLANG_WARN_BLOCK_CAPTURE_AUTORELEASING = YES;
				CLANG_WARN_BOOL_CONVERSION = YES;
				CLANG_WARN_COMMA = YES;
				CLANG_WARN_CONSTANT_CONVERSION = YES;
				CLANG_WARN_DEPRECATED_OBJC_IMPLEMENTATIONS = YES;
				CLANG_WARN_DIRECT_OBJC_ISA_USAGE = YES_ERROR;
				CLANG_WARN_DOCUMENTATION_COMMENTS = YES;
				CLANG_WARN_EMPTY_BODY = YES;
				CLANG_WARN_ENUM_CONVERSION = YES;
				CLANG_WARN_INFINITE_RECURSION = YES;
				CLANG_WARN_INT_CONVERSION = YES;
				CLANG_WARN_NON_LITERAL_NULL_CONVERSION = YES;
				CLANG_WARN_OBJC_IMPLICIT_RETAIN_SELF = YES;
				CLANG_WARN_OBJC_LITERAL_CONVERSION = YES;
				CLANG_WARN_OBJC_ROOT_CLASS = YES_ERROR;
				CLANG_WARN_QUOTED_INCLUDE_IN_FRAMEWORK_HEADER = YES;
				CLANG_WARN_RANGE_LOOP_ANALYSIS = YES;
				CLANG_WARN_STRICT_PROTOTYPES = YES;
				CLANG_WARN_SUSPICIOUS_MOVE = YES;
				CLANG_WARN_UNGUARDED_AVAILABILITY = YES_AGGRESSIVE;
				CLANG_WARN_UNREACHABLE_CODE = YES;
				CLANG_WARN__DUPLICATE_METHOD_MATCH = YES;
				COPY_PHASE_STRIP = NO;
				DEBUG_INFORMATION_FORMAT = dwarf;
				ENABLE_STRICT_OBJC_MSGSEND = YES;
				ENABLE_TESTABILITY = YES;
				ENABLE_USER_SCRIPT_SANDBOXING = YES;
				GCC_C_LANGUAGE_STANDARD = gnu17;
				GCC_DYNAMIC_NO_PIC = NO;
				GCC_NO_COMMON_BLOCKS = YES;
				GCC_OPTIMIZATION_LEVEL = 0;
				GCC_PREPROCESSOR_DEFINITIONS = (
					"DEBUG=1",
					"$(inherited)",
				);
				GCC_WARN_64_TO_32_BIT_CONVERSION = YES;
				GCC_WARN_ABOUT_RETURN_TYPE = YES_ERROR;
				GCC_WARN_UNDECLARED_SELECTOR = YES;
				GCC_WARN_UNINITIALIZED_AUTOS = YES_AGGRESSIVE;
				GCC_WARN_UNUSED_FUNCTION = YES;
				GCC_WARN_UNUSED_VARIABLE = YES;
				IPHONEOS_DEPLOYMENT_TARGET = 17.0;
				LOCALIZATION_PREFERS_STRING_CATALOGS = YES;
				MTL_ENABLE_DEBUG_INFO = INCLUDE_SOURCE;
				MTL_FAST_MATH = YES;
				ONLY_ACTIVE_ARCH = YES;
				SDKROOT = iphoneos;
				SWIFT_ACTIVE_COMPILATION_CONDITIONS = "DEBUG $(inherited)";
				SWIFT_OPTIMIZATION_LEVEL = "-Onone";
			};
			name = Debug;
		};
		9C9B568A2AFA7F9200A4B2BC /* Release */ = {
			isa = XCBuildConfiguration;
			buildSettings = {
				ALWAYS_SEARCH_USER_PATHS = NO;
				ASSETCATALOG_COMPILER_GENERATE_SWIFT_ASSET_SYMBOL_EXTENSIONS = YES;
				CLANG_ANALYZER_NONNULL = YES;
				CLANG_ANALYZER_NUMBER_OBJECT_CONVERSION = YES_AGGRESSIVE;
				CLANG_CXX_LANGUAGE_STANDARD = "gnu++20";
				CLANG_ENABLE_MODULES = YES;
				CLANG_ENABLE_OBJC_ARC = YES;
				CLANG_ENABLE_OBJC_WEAK = YES;
				CLANG_WARN_BLOCK_CAPTURE_AUTORELEASING = YES;
				CLANG_WARN_BOOL_CONVERSION = YES;
				CLANG_WARN_COMMA = YES;
				CLANG_WARN_CONSTANT_CONVERSION = YES;
				CLANG_WARN_DEPRECATED_OBJC_IMPLEMENTATIONS = YES;
				CLANG_WARN_DIRECT_OBJC_ISA_USAGE = YES_ERROR;
				CLANG_WARN_DOCUMENTATION_COMMENTS = YES;
				CLANG_WARN_EMPTY_BODY = YES;
				CLANG_WARN_ENUM_CONVERSION = YES;
				CLANG_WARN_INFINITE_RECURSION = YES;
				CLANG_WARN_INT_CONVERSION = YES;
				CLANG_WARN_NON_LITERAL_NULL_CONVERSION = YES;
				CLANG_WARN_OBJC_IMPLICIT_RETAIN_SELF = YES;
				CLANG_WARN_OBJC_LITERAL_CONVERSION = YES;
				CLANG_WARN_OBJC_ROOT_CLASS = YES_ERROR;
				CLANG_WARN_QUOTED_INCLUDE_IN_FRAMEWORK_HEADER = YES;
				CLANG_WARN_RANGE_LOOP_ANALYSIS = YES;
				CLANG_WARN_STRICT_PROTOTYPES = YES;
				CLANG_WARN_SUSPICIOUS_MOVE = YES;
				CLANG_WARN_UNGUARDED_AVAILABILITY = YES_AGGRESSIVE;
				CLANG_WARN_UNREACHABLE_CODE = YES;
				CLANG_WARN__DUPLICATE_METHOD_MATCH = YES;
				COPY_PHASE_STRIP = NO;
				DEBUG_INFORMATION_FORMAT = "dwarf-with-dsym";
				ENABLE_NS_ASSERTIONS = NO;
				ENABLE_STRICT_OBJC_MSGSEND = YES;
				ENABLE_USER_SCRIPT_SANDBOXING = YES;
				GCC_C_LANGUAGE_STANDARD = gnu17;
				GCC_NO_COMMON_BLOCKS = YES;
				GCC_WARN_64_TO_32_BIT_CONVERSION = YES;
				GCC_WARN_ABOUT_RETURN_TYPE = YES_ERROR;
				GCC_WARN_UNDECLARED_SELECTOR = YES;
				GCC_WARN_UNINITIALIZED_AUTOS = YES_AGGRESSIVE;
				GCC_WARN_UNUSED_FUNCTION = YES;
				GCC_WARN_UNUSED_VARIABLE = YES;
				IPHONEOS_DEPLOYMENT_TARGET = 17.0;
				LOCALIZATION_PREFERS_STRING_CATALOGS = YES;
				MTL_ENABLE_DEBUG_INFO = NO;
				MTL_FAST_MATH = YES;
				SDKROOT = iphoneos;
				SWIFT_COMPILATION_MODE = wholemodule;
				VALIDATE_PRODUCT = YES;
			};
			name = Release;
		};
		9C9B568C2AFA7F9200A4B2BC /* Debug */ = {
			isa = XCBuildConfiguration;
			buildSettings = {
				ASSETCATALOG_COMPILER_APPICON_NAME = AppIcon;
				ASSETCATALOG_COMPILER_GLOBAL_ACCENT_COLOR_NAME = AccentColor;
				CODE_SIGN_ENTITLEMENTS = NutritionApp/NutritionApp.entitlements;
				CODE_SIGN_STYLE = Automatic;
				CURRENT_PROJECT_VERSION = 1;
				DEVELOPMENT_ASSET_PATHS = "\"NutritionApp/Preview Content\"";
				DEVELOPMENT_TEAM = AWWVAQ2M2R;
				ENABLE_PREVIEWS = YES;
				GENERATE_INFOPLIST_FILE = YES;
				INFOPLIST_KEY_NSHealthShareUsageDescription = "We use your health data to provide you detailed insights about calorie expenditure. ";
				INFOPLIST_KEY_UIApplicationSceneManifest_Generation = YES;
				INFOPLIST_KEY_UIApplicationSupportsIndirectInputEvents = YES;
				INFOPLIST_KEY_UILaunchScreen_Generation = YES;
				INFOPLIST_KEY_UISupportedInterfaceOrientations_iPad = "UIInterfaceOrientationPortrait UIInterfaceOrientationPortraitUpsideDown UIInterfaceOrientationLandscapeLeft UIInterfaceOrientationLandscapeRight";
				INFOPLIST_KEY_UISupportedInterfaceOrientations_iPhone = "UIInterfaceOrientationPortrait UIInterfaceOrientationLandscapeLeft UIInterfaceOrientationLandscapeRight";
				IPHONEOS_DEPLOYMENT_TARGET = 17.0;
				LD_RUNPATH_SEARCH_PATHS = (
					"$(inherited)",
					"@executable_path/Frameworks",
				);
				MARKETING_VERSION = 1.0;
				PRODUCT_BUNDLE_IDENTIFIER = com.marinmarkelic.NutritionApp;
				PRODUCT_NAME = "$(TARGET_NAME)";
				SWIFT_EMIT_LOC_STRINGS = YES;
				SWIFT_VERSION = 5.0;
				TARGETED_DEVICE_FAMILY = "1,2";
			};
			name = Debug;
		};
		9C9B568D2AFA7F9200A4B2BC /* Release */ = {
			isa = XCBuildConfiguration;
			buildSettings = {
				ASSETCATALOG_COMPILER_APPICON_NAME = AppIcon;
				ASSETCATALOG_COMPILER_GLOBAL_ACCENT_COLOR_NAME = AccentColor;
				CODE_SIGN_ENTITLEMENTS = NutritionApp/NutritionApp.entitlements;
				CODE_SIGN_STYLE = Automatic;
				CURRENT_PROJECT_VERSION = 1;
				DEVELOPMENT_ASSET_PATHS = "\"NutritionApp/Preview Content\"";
				DEVELOPMENT_TEAM = AWWVAQ2M2R;
				ENABLE_PREVIEWS = YES;
				GENERATE_INFOPLIST_FILE = YES;
				INFOPLIST_KEY_NSHealthShareUsageDescription = "We use your health data to provide you detailed insights about calorie expenditure. ";
				INFOPLIST_KEY_UIApplicationSceneManifest_Generation = YES;
				INFOPLIST_KEY_UIApplicationSupportsIndirectInputEvents = YES;
				INFOPLIST_KEY_UILaunchScreen_Generation = YES;
				INFOPLIST_KEY_UISupportedInterfaceOrientations_iPad = "UIInterfaceOrientationPortrait UIInterfaceOrientationPortraitUpsideDown UIInterfaceOrientationLandscapeLeft UIInterfaceOrientationLandscapeRight";
				INFOPLIST_KEY_UISupportedInterfaceOrientations_iPhone = "UIInterfaceOrientationPortrait UIInterfaceOrientationLandscapeLeft UIInterfaceOrientationLandscapeRight";
				IPHONEOS_DEPLOYMENT_TARGET = 17.0;
				LD_RUNPATH_SEARCH_PATHS = (
					"$(inherited)",
					"@executable_path/Frameworks",
				);
				MARKETING_VERSION = 1.0;
				PRODUCT_BUNDLE_IDENTIFIER = com.marinmarkelic.NutritionApp;
				PRODUCT_NAME = "$(TARGET_NAME)";
				SWIFT_EMIT_LOC_STRINGS = YES;
				SWIFT_VERSION = 5.0;
				TARGETED_DEVICE_FAMILY = "1,2";
			};
			name = Release;
		};
/* End XCBuildConfiguration section */

/* Begin XCConfigurationList section */
		9C9B56782AFA7F9000A4B2BC /* Build configuration list for PBXProject "NutritionApp" */ = {
			isa = XCConfigurationList;
			buildConfigurations = (
				9C9B56892AFA7F9200A4B2BC /* Debug */,
				9C9B568A2AFA7F9200A4B2BC /* Release */,
			);
			defaultConfigurationIsVisible = 0;
			defaultConfigurationName = Release;
		};
		9C9B568B2AFA7F9200A4B2BC /* Build configuration list for PBXNativeTarget "NutritionApp" */ = {
			isa = XCConfigurationList;
			buildConfigurations = (
				9C9B568C2AFA7F9200A4B2BC /* Debug */,
				9C9B568D2AFA7F9200A4B2BC /* Release */,
			);
			defaultConfigurationIsVisible = 0;
			defaultConfigurationName = Release;
		};
/* End XCConfigurationList section */

/* Begin XCRemoteSwiftPackageReference section */
		9C34C40A2BE7CCBD00BA16F8 /* XCRemoteSwiftPackageReference "SwiftOpenAI" */ = {
			isa = XCRemoteSwiftPackageReference;
			repositoryURL = "https://github.com/jamesrochabrun/SwiftOpenAI";
			requirement = {
				kind = upToNextMajorVersion;
				minimumVersion = 2.0.0;
			};
		};
		9C396B0F2B388A8300FEBC0E /* XCRemoteSwiftPackageReference "realm-swift" */ = {
			isa = XCRemoteSwiftPackageReference;
			repositoryURL = "https://github.com/realm/realm-swift";
			requirement = {
				branch = master;
				kind = branch;
			};
		};
		9C48CF182BA723B400ABA072 /* XCRemoteSwiftPackageReference "swift-dependencies" */ = {
			isa = XCRemoteSwiftPackageReference;
			repositoryURL = "https://github.com/pointfreeco/swift-dependencies";
			requirement = {
				kind = upToNextMajorVersion;
				minimumVersion = 1.2.2;
			};
		};
/* End XCRemoteSwiftPackageReference section */

/* Begin XCSwiftPackageProductDependency section */
		9C34C40B2BE7CCBD00BA16F8 /* SwiftOpenAI */ = {
			isa = XCSwiftPackageProductDependency;
			package = 9C34C40A2BE7CCBD00BA16F8 /* XCRemoteSwiftPackageReference "SwiftOpenAI" */;
			productName = SwiftOpenAI;
		};
		9C396B102B388A8300FEBC0E /* Realm */ = {
			isa = XCSwiftPackageProductDependency;
			package = 9C396B0F2B388A8300FEBC0E /* XCRemoteSwiftPackageReference "realm-swift" */;
			productName = Realm;
		};
		9C396B122B388A8300FEBC0E /* RealmSwift */ = {
			isa = XCSwiftPackageProductDependency;
			package = 9C396B0F2B388A8300FEBC0E /* XCRemoteSwiftPackageReference "realm-swift" */;
			productName = RealmSwift;
		};
		9C48CF192BA723B400ABA072 /* Dependencies */ = {
			isa = XCSwiftPackageProductDependency;
			package = 9C48CF182BA723B400ABA072 /* XCRemoteSwiftPackageReference "swift-dependencies" */;
			productName = Dependencies;
		};
		9C48CF1B2BA723B400ABA072 /* DependenciesMacros */ = {
			isa = XCSwiftPackageProductDependency;
			package = 9C48CF182BA723B400ABA072 /* XCRemoteSwiftPackageReference "swift-dependencies" */;
			productName = DependenciesMacros;
		};
/* End XCSwiftPackageProductDependency section */
	};
	rootObject = 9C9B56752AFA7F9000A4B2BC /* Project object */;
}
